{
  "version": 4,
  "terraform_version": "1.5.7",
  "serial": 291,
  "lineage": "13c72fe7-82a0-fa9d-1c83-1206648f829e",
  "outputs": {
    "ec2_public_ip": {
      "value": {
        "apache": {
          "ami": "ami-03a6eaae9938c858c",
          "arn": "arn:aws:ec2:us-east-1:225356984342:instance/i-0daf29baf52f18848",
          "associate_public_ip_address": true,
          "availability_zone": "us-east-1b",
          "capacity_reservation_specification": [
            {
              "capacity_reservation_preference": "open",
              "capacity_reservation_target": []
            }
          ],
          "cpu_core_count": 1,
          "cpu_options": [
            {
              "amd_sev_snp": "",
              "core_count": 1,
              "threads_per_core": 1
            }
          ],
          "cpu_threads_per_core": 1,
          "credit_specification": [
            {
              "cpu_credits": "standard"
            }
          ],
          "disable_api_stop": false,
          "disable_api_termination": false,
          "ebs_block_device": [],
          "ebs_optimized": false,
          "enclave_options": [
            {
              "enabled": false
            }
          ],
          "ephemeral_block_device": [],
          "get_password_data": false,
          "hibernation": false,
          "host_id": "",
          "host_resource_group_arn": null,
          "iam_instance_profile": "",
          "id": "i-0daf29baf52f18848",
          "instance_initiated_shutdown_behavior": "stop",
          "instance_lifecycle": "",
          "instance_market_options": [],
          "instance_state": "running",
          "instance_type": "t2.micro",
          "ipv6_address_count": 0,
          "ipv6_addresses": [],
          "key_name": "mykey",
          "launch_template": [],
          "maintenance_options": [
            {
              "auto_recovery": "default"
            }
          ],
          "metadata_options": [
            {
              "http_endpoint": "enabled",
              "http_protocol_ipv6": "disabled",
              "http_put_response_hop_limit": 2,
              "http_tokens": "required",
              "instance_metadata_tags": "disabled"
            }
          ],
          "monitoring": false,
          "network_interface": [],
          "outpost_arn": "",
          "password_data": "",
          "placement_group": "",
          "placement_partition_number": 0,
          "primary_network_interface_id": "eni-0eef6b4519aed2585",
          "private_dns": "ip-10-10-0-147.ec2.internal",
          "private_dns_name_options": [
            {
              "enable_resource_name_dns_a_record": false,
              "enable_resource_name_dns_aaaa_record": false,
              "hostname_type": "ip-name"
            }
          ],
          "private_ip": "10.10.0.147",
          "public_dns": "",
          "public_ip": "3.90.88.12",
          "root_block_device": [
            {
              "delete_on_termination": true,
              "device_name": "/dev/xvda",
              "encrypted": false,
              "iops": 3000,
              "kms_key_id": "",
              "tags": {},
              "throughput": 125,
              "volume_id": "vol-02302d702eba74a72",
              "volume_size": 8,
              "volume_type": "gp3"
            }
          ],
          "secondary_private_ips": [],
          "security_groups": [],
          "source_dest_check": true,
          "spot_instance_request_id": "",
          "subnet_id": "subnet-0f8a6d178168ac4ed",
          "tags": {
            "Name": "apache-cerberus-dev-virginia"
          },
          "tags_all": {
            "IAC": "Terraform",
            "IAC_Version": "1.5.7",
            "Name": "apache-cerberus-dev-virginia",
            "cloud": "AWS",
            "env": "dev",
            "owner": "Nazareno",
            "project": "cerberus",
            "region": "virginia"
          },
          "tenancy": "default",
          "timeouts": null,
          "user_data": "446e6210964d3e2358994754f9c863da35cfc80a",
          "user_data_base64": null,
          "user_data_replace_on_change": false,
          "volume_tags": null,
          "vpc_security_group_ids": [
            "sg-0a905905407691c7f"
          ]
        }
      },
      "type": [
        "object",
        {
          "apache": [
            "object",
            {
              "ami": "string",
              "arn": "string",
              "associate_public_ip_address": "bool",
              "availability_zone": "string",
              "capacity_reservation_specification": [
                "list",
                [
                  "object",
                  {
                    "capacity_reservation_preference": "string",
                    "capacity_reservation_target": [
                      "list",
                      [
                        "object",
                        {
                          "capacity_reservation_id": "string",
                          "capacity_reservation_resource_group_arn": "string"
                        }
                      ]
                    ]
                  }
                ]
              ],
              "cpu_core_count": "number",
              "cpu_options": [
                "list",
                [
                  "object",
                  {
                    "amd_sev_snp": "string",
                    "core_count": "number",
                    "threads_per_core": "number"
                  }
                ]
              ],
              "cpu_threads_per_core": "number",
              "credit_specification": [
                "list",
                [
                  "object",
                  {
                    "cpu_credits": "string"
                  }
                ]
              ],
              "disable_api_stop": "bool",
              "disable_api_termination": "bool",
              "ebs_block_device": [
                "set",
                [
                  "object",
                  {
                    "delete_on_termination": "bool",
                    "device_name": "string",
                    "encrypted": "bool",
                    "iops": "number",
                    "kms_key_id": "string",
                    "snapshot_id": "string",
                    "tags": [
                      "map",
                      "string"
                    ],
                    "throughput": "number",
                    "volume_id": "string",
                    "volume_size": "number",
                    "volume_type": "string"
                  }
                ]
              ],
              "ebs_optimized": "bool",
              "enclave_options": [
                "list",
                [
                  "object",
                  {
                    "enabled": "bool"
                  }
                ]
              ],
              "ephemeral_block_device": [
                "set",
                [
                  "object",
                  {
                    "device_name": "string",
                    "no_device": "bool",
                    "virtual_name": "string"
                  }
                ]
              ],
              "get_password_data": "bool",
              "hibernation": "bool",
              "host_id": "string",
              "host_resource_group_arn": "string",
              "iam_instance_profile": "string",
              "id": "string",
              "instance_initiated_shutdown_behavior": "string",
              "instance_lifecycle": "string",
              "instance_market_options": [
                "list",
                [
                  "object",
                  {
                    "market_type": "string",
                    "spot_options": [
                      "list",
                      [
                        "object",
                        {
                          "instance_interruption_behavior": "string",
                          "max_price": "string",
                          "spot_instance_type": "string",
                          "valid_until": "string"
                        }
                      ]
                    ]
                  }
                ]
              ],
              "instance_state": "string",
              "instance_type": "string",
              "ipv6_address_count": "number",
              "ipv6_addresses": [
                "list",
                "string"
              ],
              "key_name": "string",
              "launch_template": [
                "list",
                [
                  "object",
                  {
                    "id": "string",
                    "name": "string",
                    "version": "string"
                  }
                ]
              ],
              "maintenance_options": [
                "list",
                [
                  "object",
                  {
                    "auto_recovery": "string"
                  }
                ]
              ],
              "metadata_options": [
                "list",
                [
                  "object",
                  {
                    "http_endpoint": "string",
                    "http_protocol_ipv6": "string",
                    "http_put_response_hop_limit": "number",
                    "http_tokens": "string",
                    "instance_metadata_tags": "string"
                  }
                ]
              ],
              "monitoring": "bool",
              "network_interface": [
                "set",
                [
                  "object",
                  {
                    "delete_on_termination": "bool",
                    "device_index": "number",
                    "network_card_index": "number",
                    "network_interface_id": "string"
                  }
                ]
              ],
              "outpost_arn": "string",
              "password_data": "string",
              "placement_group": "string",
              "placement_partition_number": "number",
              "primary_network_interface_id": "string",
              "private_dns": "string",
              "private_dns_name_options": [
                "list",
                [
                  "object",
                  {
                    "enable_resource_name_dns_a_record": "bool",
                    "enable_resource_name_dns_aaaa_record": "bool",
                    "hostname_type": "string"
                  }
                ]
              ],
              "private_ip": "string",
              "public_dns": "string",
              "public_ip": "string",
              "root_block_device": [
                "list",
                [
                  "object",
                  {
                    "delete_on_termination": "bool",
                    "device_name": "string",
                    "encrypted": "bool",
                    "iops": "number",
                    "kms_key_id": "string",
                    "tags": [
                      "map",
                      "string"
                    ],
                    "throughput": "number",
                    "volume_id": "string",
                    "volume_size": "number",
                    "volume_type": "string"
                  }
                ]
              ],
              "secondary_private_ips": [
                "set",
                "string"
              ],
              "security_groups": [
                "set",
                "string"
              ],
              "source_dest_check": "bool",
              "spot_instance_request_id": "string",
              "subnet_id": "string",
              "tags": [
                "map",
                "string"
              ],
              "tags_all": [
                "map",
                "string"
              ],
              "tenancy": "string",
              "timeouts": [
                "object",
                {
                  "create": "string",
                  "delete": "string",
                  "update": "string"
                }
              ],
              "user_data": "string",
              "user_data_base64": "string",
              "user_data_replace_on_change": "bool",
              "volume_tags": [
                "map",
                "string"
              ],
              "vpc_security_group_ids": [
                "set",
                "string"
              ]
            }
          ]
        }
      ]
    }
  },
  "resources": [
    {
      "mode": "data",
      "type": "aws_key_pair",
      "name": "key",
      "provider": "provider[\"registry.terraform.io/hashicorp/aws\"]",
      "instances": [
        {
          "schema_version": 0,
          "attributes": {
            "arn": "arn:aws:ec2:us-east-1:225356984342:key-pair/mykey",
            "create_time": "2023-10-02T13:19:18Z",
            "filter": null,
            "fingerprint": "d4:9a:ac:1b:bc:ca:8d:20:8a:e3:be:01:55:95:72:58:97:f2:6a:d9",
            "id": "key-06207eff18737f392",
            "include_public_key": false,
            "key_name": "mykey",
            "key_pair_id": "key-06207eff18737f392",
            "key_type": "rsa",
            "public_key": "",
            "tags": {},
            "timeouts": null
          },
          "sensitive_attributes": []
        }
      ]
    },
    {
      "mode": "managed",
      "type": "aws_instance",
      "name": "public_instance",
      "provider": "provider[\"registry.terraform.io/hashicorp/aws\"]",
      "instances": [
        {
          "index_key": "apache",
          "schema_version": 1,
          "attributes": {
            "ami": "ami-03a6eaae9938c858c",
            "arn": "arn:aws:ec2:us-east-1:225356984342:instance/i-0daf29baf52f18848",
            "associate_public_ip_address": true,
            "availability_zone": "us-east-1b",
            "capacity_reservation_specification": [
              {
                "capacity_reservation_preference": "open",
                "capacity_reservation_target": []
              }
            ],
            "cpu_core_count": 1,
            "cpu_options": [
              {
                "amd_sev_snp": "",
                "core_count": 1,
                "threads_per_core": 1
              }
            ],
            "cpu_threads_per_core": 1,
            "credit_specification": [
              {
                "cpu_credits": "standard"
              }
            ],
            "disable_api_stop": false,
            "disable_api_termination": false,
            "ebs_block_device": [],
            "ebs_optimized": false,
            "enclave_options": [
              {
                "enabled": false
              }
            ],
            "ephemeral_block_device": [],
            "get_password_data": false,
            "hibernation": false,
            "host_id": "",
            "host_resource_group_arn": null,
            "iam_instance_profile": "",
            "id": "i-0daf29baf52f18848",
            "instance_initiated_shutdown_behavior": "stop",
            "instance_lifecycle": "",
            "instance_market_options": [],
            "instance_state": "running",
            "instance_type": "t2.micro",
            "ipv6_address_count": 0,
            "ipv6_addresses": [],
            "key_name": "mykey",
            "launch_template": [],
            "maintenance_options": [
              {
                "auto_recovery": "default"
              }
            ],
            "metadata_options": [
              {
                "http_endpoint": "enabled",
                "http_protocol_ipv6": "disabled",
                "http_put_response_hop_limit": 2,
                "http_tokens": "required",
                "instance_metadata_tags": "disabled"
              }
            ],
            "monitoring": false,
            "network_interface": [],
            "outpost_arn": "",
            "password_data": "",
            "placement_group": "",
            "placement_partition_number": 0,
            "primary_network_interface_id": "eni-0eef6b4519aed2585",
            "private_dns": "ip-10-10-0-147.ec2.internal",
            "private_dns_name_options": [
              {
                "enable_resource_name_dns_a_record": false,
                "enable_resource_name_dns_aaaa_record": false,
                "hostname_type": "ip-name"
              }
            ],
            "private_ip": "10.10.0.147",
            "public_dns": "",
            "public_ip": "3.90.88.12",
            "root_block_device": [
              {
                "delete_on_termination": true,
                "device_name": "/dev/xvda",
                "encrypted": false,
                "iops": 3000,
                "kms_key_id": "",
                "tags": {},
                "throughput": 125,
                "volume_id": "vol-02302d702eba74a72",
                "volume_size": 8,
                "volume_type": "gp3"
              }
            ],
            "secondary_private_ips": [],
            "security_groups": [],
            "source_dest_check": true,
            "spot_instance_request_id": "",
            "subnet_id": "subnet-0f8a6d178168ac4ed",
            "tags": {
              "Name": "apache-cerberus-dev-virginia"
            },
            "tags_all": {
              "IAC": "Terraform",
              "IAC_Version": "1.5.7",
              "Name": "apache-cerberus-dev-virginia",
              "cloud": "AWS",
              "env": "dev",
              "owner": "Nazareno",
              "project": "cerberus",
              "region": "virginia"
            },
            "tenancy": "default",
            "timeouts": null,
            "user_data": "446e6210964d3e2358994754f9c863da35cfc80a",
            "user_data_base64": null,
            "user_data_replace_on_change": false,
            "volume_tags": null,
            "vpc_security_group_ids": [
              "sg-0a905905407691c7f"
            ]
          },
          "sensitive_attributes": [],
          "private": "eyJlMmJmYjczMC1lY2FhLTExZTYtOGY4OC0zNDM2M2JjN2M0YzAiOnsiY3JlYXRlIjo2MDAwMDAwMDAwMDAsImRlbGV0ZSI6MTIwMDAwMDAwMDAwMCwidXBkYXRlIjo2MDAwMDAwMDAwMDB9LCJzY2hlbWFfdmVyc2lvbiI6IjEifQ==",
          "dependencies": [
            "aws_security_group.sg_public_instance",
            "aws_subnet.public_subnet",
            "aws_vpc.vpc_virginia",
            "data.aws_key_pair.key"
          ]
        }
      ]
    },
    {
      "mode": "managed",
      "type": "aws_internet_gateway",
      "name": "igw",
      "provider": "provider[\"registry.terraform.io/hashicorp/aws\"]",
      "instances": [
        {
          "schema_version": 0,
          "attributes": {
            "arn": "arn:aws:ec2:us-east-1:225356984342:internet-gateway/igw-0d4551d4934b88a5b",
            "id": "igw-0d4551d4934b88a5b",
            "owner_id": "225356984342",
            "tags": {
              "Name": "igw vpc virginia-cerberus-dev-virginia"
            },
            "tags_all": {
              "IAC": "Terraform",
              "IAC_Version": "1.5.7",
              "Name": "igw vpc virginia-cerberus-dev-virginia",
              "cloud": "AWS",
              "env": "dev",
              "owner": "Nazareno",
              "project": "cerberus",
              "region": "virginia"
            },
            "timeouts": null,
            "vpc_id": "vpc-05758fef107ecfc3a"
          },
          "sensitive_attributes": [],
          "private": "eyJlMmJmYjczMC1lY2FhLTExZTYtOGY4OC0zNDM2M2JjN2M0YzAiOnsiY3JlYXRlIjoxMjAwMDAwMDAwMDAwLCJkZWxldGUiOjEyMDAwMDAwMDAwMDAsInVwZGF0ZSI6MTIwMDAwMDAwMDAwMH19",
          "dependencies": [
            "aws_vpc.vpc_virginia"
          ]
        }
      ]
    },
    {
      "mode": "managed",
      "type": "aws_route_table",
      "name": "public_crt",
      "provider": "provider[\"registry.terraform.io/hashicorp/aws\"]",
      "instances": [
        {
          "schema_version": 0,
          "attributes": {
            "arn": "arn:aws:ec2:us-east-1:225356984342:route-table/rtb-0f29c1819263f3ed3",
            "id": "rtb-0f29c1819263f3ed3",
            "owner_id": "225356984342",
            "propagating_vgws": [],
            "route": [
              {
                "carrier_gateway_id": "",
                "cidr_block": "0.0.0.0/0",
                "core_network_arn": "",
                "destination_prefix_list_id": "",
                "egress_only_gateway_id": "",
                "gateway_id": "igw-0d4551d4934b88a5b",
                "ipv6_cidr_block": "",
                "local_gateway_id": "",
                "nat_gateway_id": "",
                "network_interface_id": "",
                "transit_gateway_id": "",
                "vpc_endpoint_id": "",
                "vpc_peering_connection_id": ""
              }
            ],
            "tags": {
              "Name": "public crt-cerberus-dev-virginia"
            },
            "tags_all": {
              "IAC": "Terraform",
              "IAC_Version": "1.5.7",
              "Name": "public crt-cerberus-dev-virginia",
              "cloud": "AWS",
              "env": "dev",
              "owner": "Nazareno",
              "project": "cerberus",
              "region": "virginia"
            },
            "timeouts": null,
            "vpc_id": "vpc-05758fef107ecfc3a"
          },
          "sensitive_attributes": [],
          "private": "eyJlMmJmYjczMC1lY2FhLTExZTYtOGY4OC0zNDM2M2JjN2M0YzAiOnsiY3JlYXRlIjozMDAwMDAwMDAwMDAsImRlbGV0ZSI6MzAwMDAwMDAwMDAwLCJ1cGRhdGUiOjEyMDAwMDAwMDAwMH19",
          "dependencies": [
            "aws_internet_gateway.igw",
            "aws_vpc.vpc_virginia"
          ]
        }
      ]
    },
    {
      "mode": "managed",
      "type": "aws_route_table_association",
      "name": "crta_public_subnet",
      "provider": "provider[\"registry.terraform.io/hashicorp/aws\"]",
      "instances": [
        {
          "schema_version": 0,
          "attributes": {
            "gateway_id": "",
            "id": "rtbassoc-0f4659d2720e0fe76",
            "route_table_id": "rtb-0f29c1819263f3ed3",
            "subnet_id": "subnet-0f8a6d178168ac4ed",
            "timeouts": null
          },
          "sensitive_attributes": [],
          "private": "eyJlMmJmYjczMC1lY2FhLTExZTYtOGY4OC0zNDM2M2JjN2M0YzAiOnsiY3JlYXRlIjozMDAwMDAwMDAwMDAsImRlbGV0ZSI6MzAwMDAwMDAwMDAwLCJ1cGRhdGUiOjEyMDAwMDAwMDAwMH19",
          "dependencies": [
            "aws_internet_gateway.igw",
            "aws_route_table.public_crt",
            "aws_subnet.public_subnet",
            "aws_vpc.vpc_virginia"
          ]
        }
      ]
    },
    {
      "mode": "managed",
      "type": "aws_s3_bucket",
      "name": "cerberus_bucket",
      "provider": "provider[\"registry.terraform.io/hashicorp/aws\"]",
      "instances": [
        {
          "schema_version": 0,
          "attributes": {
            "acceleration_status": "",
            "acl": null,
            "arn": "arn:aws:s3:::cerberus-1gaxotmj",
            "bucket": "cerberus-1gaxotmj",
            "bucket_domain_name": "cerberus-1gaxotmj.s3.amazonaws.com",
            "bucket_prefix": "",
            "bucket_regional_domain_name": "cerberus-1gaxotmj.s3.us-east-1.amazonaws.com",
            "cors_rule": [],
            "force_destroy": false,
            "grant": [
              {
                "id": "8902df88569edc855d22c53fd27f8c129960cf503051a0672e15e56456a9e1ac",
                "permissions": [
                  "FULL_CONTROL"
                ],
                "type": "CanonicalUser",
                "uri": ""
              }
            ],
            "hosted_zone_id": "Z3AQBSTGFYJSTF",
            "id": "cerberus-1gaxotmj",
            "lifecycle_rule": [],
            "logging": [],
            "object_lock_configuration": [],
            "object_lock_enabled": false,
            "policy": "",
            "region": "us-east-1",
            "replication_configuration": [],
            "request_payer": "BucketOwner",
            "server_side_encryption_configuration": [
              {
                "rule": [
                  {
                    "apply_server_side_encryption_by_default": [
                      {
                        "kms_master_key_id": "",
                        "sse_algorithm": "AES256"
                      }
                    ],
                    "bucket_key_enabled": false
                  }
                ]
              }
            ],
            "tags": {},
            "tags_all": {
              "IAC": "Terraform",
              "IAC_Version": "1.5.7",
              "cloud": "AWS",
              "env": "dev",
              "owner": "Nazareno",
              "project": "cerberus",
              "region": "virginia"
            },
            "timeouts": null,
            "versioning": [
              {
                "enabled": false,
                "mfa_delete": false
              }
            ],
            "website": [],
            "website_domain": null,
            "website_endpoint": null
          },
          "sensitive_attributes": [],
          "private": "eyJlMmJmYjczMC1lY2FhLTExZTYtOGY4OC0zNDM2M2JjN2M0YzAiOnsiY3JlYXRlIjoxMjAwMDAwMDAwMDAwLCJkZWxldGUiOjM2MDAwMDAwMDAwMDAsInJlYWQiOjEyMDAwMDAwMDAwMDAsInVwZGF0ZSI6MTIwMDAwMDAwMDAwMH19",
          "dependencies": [
            "random_string.sufijo-s3"
          ]
        }
      ]
    },
    {
      "mode": "managed",
      "type": "aws_security_group",
      "name": "sg_public_instance",
      "provider": "provider[\"registry.terraform.io/hashicorp/aws\"]",
      "instances": [
        {
          "schema_version": 1,
          "attributes": {
            "arn": "arn:aws:ec2:us-east-1:225356984342:security-group/sg-0a905905407691c7f",
            "description": "Allow SSH inbound traffic andn ALL egress traffic",
            "egress": [
              {
                "cidr_blocks": [
                  "0.0.0.0/0"
                ],
                "description": "",
                "from_port": 0,
                "ipv6_cidr_blocks": [
                  "::/0"
                ],
                "prefix_list_ids": [],
                "protocol": "-1",
                "security_groups": [],
                "self": false,
                "to_port": 0
              }
            ],
            "id": "sg-0a905905407691c7f",
            "ingress": [
              {
                "cidr_blocks": [
                  "0.0.0.0/0"
                ],
                "description": "",
                "from_port": 22,
                "ipv6_cidr_blocks": [],
                "prefix_list_ids": [],
                "protocol": "tcp",
                "security_groups": [],
                "self": false,
                "to_port": 22
              },
              {
                "cidr_blocks": [
                  "0.0.0.0/0"
                ],
                "description": "",
                "from_port": 443,
                "ipv6_cidr_blocks": [],
                "prefix_list_ids": [],
                "protocol": "tcp",
                "security_groups": [],
                "self": false,
                "to_port": 443
              },
              {
                "cidr_blocks": [
                  "0.0.0.0/0"
                ],
                "description": "",
                "from_port": 80,
                "ipv6_cidr_blocks": [],
                "prefix_list_ids": [],
                "protocol": "tcp",
                "security_groups": [],
                "self": false,
                "to_port": 80
              }
            ],
            "name": "Public Instance SG",
            "name_prefix": "",
            "owner_id": "225356984342",
            "revoke_rules_on_delete": false,
            "tags": {
              "Name": "Public Instance SG"
            },
            "tags_all": {
              "IAC": "Terraform",
              "IAC_Version": "1.5.7",
              "Name": "Public Instance SG",
              "cloud": "AWS",
              "env": "dev",
              "owner": "Nazareno",
              "project": "cerberus",
              "region": "virginia"
            },
            "timeouts": null,
            "vpc_id": "vpc-05758fef107ecfc3a"
          },
          "sensitive_attributes": [],
          "private": "eyJlMmJmYjczMC1lY2FhLTExZTYtOGY4OC0zNDM2M2JjN2M0YzAiOnsiY3JlYXRlIjo2MDAwMDAwMDAwMDAsImRlbGV0ZSI6OTAwMDAwMDAwMDAwfSwic2NoZW1hX3ZlcnNpb24iOiIxIn0=",
          "dependencies": [
            "aws_vpc.vpc_virginia"
          ]
        }
      ]
    },
    {
      "mode": "managed",
      "type": "aws_subnet",
      "name": "private_subnet",
      "provider": "provider[\"registry.terraform.io/hashicorp/aws\"]",
      "instances": [
        {
          "schema_version": 1,
          "attributes": {
            "arn": "arn:aws:ec2:us-east-1:225356984342:subnet/subnet-038c5c1a94bd1f748",
            "assign_ipv6_address_on_creation": false,
            "availability_zone": "us-east-1c",
            "availability_zone_id": "use1-az6",
            "cidr_block": "10.10.1.0/24",
            "customer_owned_ipv4_pool": "",
            "enable_dns64": false,
            "enable_lni_at_device_index": 0,
            "enable_resource_name_dns_a_record_on_launch": false,
            "enable_resource_name_dns_aaaa_record_on_launch": false,
            "id": "subnet-038c5c1a94bd1f748",
            "ipv6_cidr_block": "",
            "ipv6_cidr_block_association_id": "",
            "ipv6_native": false,
            "map_customer_owned_ip_on_launch": false,
            "map_public_ip_on_launch": false,
            "outpost_arn": "",
            "owner_id": "225356984342",
            "private_dns_hostname_type_on_launch": "ip-name",
            "tags": {
              "Name": "private_subnet-cerberus-dev-virginia"
            },
            "tags_all": {
              "IAC": "Terraform",
              "IAC_Version": "1.5.7",
              "Name": "private_subnet-cerberus-dev-virginia",
              "cloud": "AWS",
              "env": "dev",
              "owner": "Nazareno",
              "project": "cerberus",
              "region": "virginia"
            },
            "timeouts": null,
            "vpc_id": "vpc-05758fef107ecfc3a"
          },
          "sensitive_attributes": [],
          "private": "eyJlMmJmYjczMC1lY2FhLTExZTYtOGY4OC0zNDM2M2JjN2M0YzAiOnsiY3JlYXRlIjo2MDAwMDAwMDAwMDAsImRlbGV0ZSI6MTIwMDAwMDAwMDAwMH0sInNjaGVtYV92ZXJzaW9uIjoiMSJ9",
          "dependencies": [
            "aws_vpc.vpc_virginia"
          ]
        }
      ]
    },
    {
      "mode": "managed",
      "type": "aws_subnet",
      "name": "public_subnet",
      "provider": "provider[\"registry.terraform.io/hashicorp/aws\"]",
      "instances": [
        {
          "schema_version": 1,
          "attributes": {
            "arn": "arn:aws:ec2:us-east-1:225356984342:subnet/subnet-0f8a6d178168ac4ed",
            "assign_ipv6_address_on_creation": false,
            "availability_zone": "us-east-1b",
            "availability_zone_id": "use1-az4",
            "cidr_block": "10.10.0.0/24",
            "customer_owned_ipv4_pool": "",
            "enable_dns64": false,
            "enable_lni_at_device_index": 0,
            "enable_resource_name_dns_a_record_on_launch": false,
            "enable_resource_name_dns_aaaa_record_on_launch": false,
            "id": "subnet-0f8a6d178168ac4ed",
            "ipv6_cidr_block": "",
            "ipv6_cidr_block_association_id": "",
            "ipv6_native": false,
            "map_customer_owned_ip_on_launch": false,
            "map_public_ip_on_launch": true,
            "outpost_arn": "",
            "owner_id": "225356984342",
            "private_dns_hostname_type_on_launch": "ip-name",
            "tags": {
              "Name": "public_subnet-cerberus-dev-virginia"
            },
            "tags_all": {
              "IAC": "Terraform",
              "IAC_Version": "1.5.7",
              "Name": "public_subnet-cerberus-dev-virginia",
              "cloud": "AWS",
              "env": "dev",
              "owner": "Nazareno",
              "project": "cerberus",
              "region": "virginia"
            },
            "timeouts": null,
            "vpc_id": "vpc-05758fef107ecfc3a"
          },
          "sensitive_attributes": [],
          "private": "eyJlMmJmYjczMC1lY2FhLTExZTYtOGY4OC0zNDM2M2JjN2M0YzAiOnsiY3JlYXRlIjo2MDAwMDAwMDAwMDAsImRlbGV0ZSI6MTIwMDAwMDAwMDAwMH0sInNjaGVtYV92ZXJzaW9uIjoiMSJ9",
          "dependencies": [
            "aws_vpc.vpc_virginia"
          ]
        }
      ]
    },
    {
      "mode": "managed",
      "type": "aws_vpc",
      "name": "vpc_virginia",
      "provider": "provider[\"registry.terraform.io/hashicorp/aws\"]",
      "instances": [
        {
          "schema_version": 1,
          "attributes": {
            "arn": "arn:aws:ec2:us-east-1:225356984342:vpc/vpc-05758fef107ecfc3a",
            "assign_generated_ipv6_cidr_block": false,
            "cidr_block": "10.10.0.0/16",
            "default_network_acl_id": "acl-091ab7811f97ff8bf",
            "default_route_table_id": "rtb-010fcb008389010bf",
            "default_security_group_id": "sg-027a535aa1e526abb",
            "dhcp_options_id": "dopt-0ae8fd77820dc1ada",
            "enable_dns_hostnames": false,
            "enable_dns_support": true,
            "enable_network_address_usage_metrics": false,
            "id": "vpc-05758fef107ecfc3a",
            "instance_tenancy": "default",
            "ipv4_ipam_pool_id": null,
            "ipv4_netmask_length": null,
            "ipv6_association_id": "",
            "ipv6_cidr_block": "",
            "ipv6_cidr_block_network_border_group": "",
            "ipv6_ipam_pool_id": "",
            "ipv6_netmask_length": 0,
            "main_route_table_id": "rtb-010fcb008389010bf",
            "owner_id": "225356984342",
            "tags": {
              "Name": "vpc_virginia-cerberus-dev-virginia"
            },
            "tags_all": {
              "IAC": "Terraform",
              "IAC_Version": "1.5.7",
              "Name": "vpc_virginia-cerberus-dev-virginia",
              "cloud": "AWS",
              "env": "dev",
              "owner": "Nazareno",
              "project": "cerberus",
              "region": "virginia"
            }
          },
          "sensitive_attributes": [
            [
              {
                "type": "get_attr",
                "value": "cidr_block"
              }
            ]
          ],
          "private": "eyJzY2hlbWFfdmVyc2lvbiI6IjEifQ=="
        }
      ]
    },
    {
      "mode": "managed",
      "type": "random_string",
      "name": "sufijo-s3",
      "provider": "provider[\"registry.terraform.io/hashicorp/random\"]",
      "instances": [
        {
          "schema_version": 2,
          "attributes": {
            "id": "1gaxotmj",
            "keepers": null,
            "length": 8,
            "lower": true,
            "min_lower": 0,
            "min_numeric": 0,
            "min_special": 0,
            "min_upper": 0,
            "number": true,
            "numeric": true,
            "override_special": null,
            "result": "1gaxotmj",
            "special": false,
            "upper": false
          },
          "sensitive_attributes": []
        }
      ]
    }
  ],
  "check_results": null
}
